
Microsoft Visual Studio Solution File, Format Version 11.00
# Visual Studio 2010
Project("{8BC9CEB8-8B4A-11D0-8D11-00A0C91BC942}") = "PlayerExample2", "PlayerExample2\PlayerExample2.vcxproj", "{5B2D2A00-9E0A-4F24-8CBC-1A570E29C479}"
EndProject
Global
	GlobalSection(SolutionConfigurationPlatforms) = preSolution
		Debug|Win32 = Debug|Win32
		Release|Win32 = Release|Win32
	EndGlobalSection
	GlobalSection(ProjectConfigurationPlatforms) = postSolution
		{5B2D2A00-9E0A-4F24-8CBC-1A570E29C479}.Debug|Win32.ActiveCfg = Debug|Win32
		{5B2D2A00-9E0A-4F24-8CBC-1A570E29C479}.Debug|Win32.Build.0 = Debug|Win32
		{5B2D2A00-9E0A-4F24-8CBC-1A570E29C479}.Release|Win32.ActiveCfg = Release|Win32
		{5B2D2A00-9E0A-4F24-8CBC-1A570E29C479}.Release|Win32.Build.0 = Release|Win32
	EndGlobalSection
	GlobalSection(SolutionProperties) = preSolution
		HideSolutionNode = FALSE
	EndGlobalSection
EndGlobal
